
Microsoft Visual Studio Solution File, Format Version 12.00
# Visual Studio 15
VisualStudioVersion = 15.0.28307.421
MinimumVisualStudioVersion = 10.0.40219.1
Project("{FAE04EC0-301F-11D3-BF4B-00C04F79EFBC}") = "Provation Assessment", "Provation Assessment\Provation Assessment.csproj", "{FFCCBD1A-C3F7-41E9-A940-CAE12069FD38}"
EndProject
Global
	GlobalSection(SolutionConfigurationPlatforms) = preSolution
		Debug|Any CPU = Debug|Any CPU
		Release|Any CPU = Release|Any CPU
	EndGlobalSection
	GlobalSection(ProjectConfigurationPlatforms) = postSolution
		{FFCCBD1A-C3F7-41E9-A940-CAE12069FD38}.Debug|Any CPU.ActiveCfg = Debug|Any CPU
		{FFCCBD1A-C3F7-41E9-A940-CAE12069FD38}.Debug|Any CPU.Build.0 = Debug|Any CPU
		{FFCCBD1A-C3F7-41E9-A940-CAE12069FD38}.Release|Any CPU.ActiveCfg = Release|Any CPU
		{FFCCBD1A-C3F7-41E9-A940-CAE12069FD38}.Release|Any CPU.Build.0 = Release|Any CPU
	EndGlobalSection
	GlobalSection(SolutionProperties) = preSolution
		HideSolutionNode = FALSE
	EndGlobalSection
	GlobalSection(ExtensibilityGlobals) = postSolution
		SolutionGuid = {6FCA0D9A-D469-4529-842C-27E609FADF81}
	EndGlobalSection
EndGlobal
